# This file is automatically @generated by Poetry 1.7.1 and should not be changed by hand.

[[package]]
name = "gdal"
version = "3.9.2"
description = "GDAL: Geospatial Data Abstraction Library"
optional = false
python-versions = ">=3.8.0"
files = [
    {file = "gdal-3.9.2.tar.gz", hash = "sha256:cf9c1add09ce152975c94d48a1a89dd300c292e0761fd3d22a8071a98852e129"},
]

[package.extras]
numpy = ["numpy (>1.0.0)"]

[[package]]
name = "python-dotenv"
version = "1.0.1"
description = "Read key-value pairs from a .env file and set them as environment variables"
optional = false
python-versions = ">=3.8"
files = [
    {file = "python-dotenv-1.0.1.tar.gz", hash = "sha256:e324ee90a023d808f1959c46bcbc04446a10ced277783dc6ee09987c37ec10ca"},
    {file = "python_dotenv-1.0.1-py3-none-any.whl", hash = "sha256:f7b63ef50f1b690dddf550d03497b66d609393b40b564ed0d674909a68ebf16a"},
]

[package.extras]
cli = ["click (>=5.0)"]

[metadata]
lock-version = "2.0"
python-versions = ">=3.10,<3.12"
content-hash = "74cb6c28ff1ca14ed89381cc4d6065c016be0bcb995333c99153c36dbe7ee526"
